
Microsoft Visual Studio Solution File, Format Version 12.00
# Visual Studio 2012
Project("{FAE04EC0-301F-11D3-BF4B-00C04F79EFBC}") = "CS795HW1_Test", "CS795HW1_Test\CS795HW1_Test.csproj", "{5C7FBC89-E9DC-4636-B546-6CABDC818BBE}"
EndProject
Project("{FAE04EC0-301F-11D3-BF4B-00C04F79EFBC}") = "CS795HW1_UI", "WpfApplication1\CS795HW1_UI.csproj", "{B12BC4E0-539C-49EF-973D-145230140DB8}"
EndProject
Global
	GlobalSection(SolutionConfigurationPlatforms) = preSolution
		Debug|Any CPU = Debug|Any CPU
		Release|Any CPU = Release|Any CPU
	EndGlobalSection
	GlobalSection(ProjectConfigurationPlatforms) = postSolution
		{5C7FBC89-E9DC-4636-B546-6CABDC818BBE}.Debug|Any CPU.ActiveCfg = Debug|Any CPU
		{5C7FBC89-E9DC-4636-B546-6CABDC818BBE}.Debug|Any CPU.Build.0 = Debug|Any CPU
		{5C7FBC89-E9DC-4636-B546-6CABDC818BBE}.Release|Any CPU.ActiveCfg = Release|Any CPU
		{5C7FBC89-E9DC-4636-B546-6CABDC818BBE}.Release|Any CPU.Build.0 = Release|Any CPU
		{B12BC4E0-539C-49EF-973D-145230140DB8}.Debug|Any CPU.ActiveCfg = Debug|Any CPU
		{B12BC4E0-539C-49EF-973D-145230140DB8}.Debug|Any CPU.Build.0 = Debug|Any CPU
		{B12BC4E0-539C-49EF-973D-145230140DB8}.Release|Any CPU.ActiveCfg = Release|Any CPU
		{B12BC4E0-539C-49EF-973D-145230140DB8}.Release|Any CPU.Build.0 = Release|Any CPU
	EndGlobalSection
	GlobalSection(SolutionProperties) = preSolution
		HideSolutionNode = FALSE
	EndGlobalSection
EndGlobal
